
Microsoft Visual Studio Solution File, Format Version 12.00
# Visual Studio Version 16
VisualStudioVersion = 16.0.30523.141
MinimumVisualStudioVersion = 10.0.40219.1
Project("{FAE04EC0-301F-11D3-BF4B-00C04F79EFBC}") = "testermusa", "testermusa.csproj", "{5900D731-6202-46DE-BBCF-424B8A2A2C25}"
EndProject
Global
	GlobalSection(SolutionConfigurationPlatforms) = preSolution
		Debug|Any CPU = Debug|Any CPU
		Release|Any CPU = Release|Any CPU
	EndGlobalSection
	GlobalSection(ProjectConfigurationPlatforms) = postSolution
		{5900D731-6202-46DE-BBCF-424B8A2A2C25}.Debug|Any CPU.ActiveCfg = Debug|Any CPU
		{5900D731-6202-46DE-BBCF-424B8A2A2C25}.Debug|Any CPU.Build.0 = Debug|Any CPU
		{5900D731-6202-46DE-BBCF-424B8A2A2C25}.Release|Any CPU.ActiveCfg = Release|Any CPU
		{5900D731-6202-46DE-BBCF-424B8A2A2C25}.Release|Any CPU.Build.0 = Release|Any CPU
	EndGlobalSection
	GlobalSection(SolutionProperties) = preSolution
		HideSolutionNode = FALSE
	EndGlobalSection
	GlobalSection(ExtensibilityGlobals) = postSolution
		SolutionGuid = {64A410CB-38FB-41E9-AEB1-3D44AAF6039C}
	EndGlobalSection
EndGlobal
