
Microsoft Visual Studio Solution File, Format Version 12.00
# Visual Studio Version 16
VisualStudioVersion = 16.0.30523.141
MinimumVisualStudioVersion = 10.0.40219.1
Project("{FAE04EC0-301F-11D3-BF4B-00C04F79EFBC}") = "merabatelevole1", "..\merabatelevole1\merabatelevole1.csproj", "{0B96E19E-7CE4-4D43-A51F-13BC93B92BB1}"
EndProject
Global
	GlobalSection(SolutionConfigurationPlatforms) = preSolution
		Debug|Any CPU = Debug|Any CPU
		Release|Any CPU = Release|Any CPU
	EndGlobalSection
	GlobalSection(ProjectConfigurationPlatforms) = postSolution
		{0B96E19E-7CE4-4D43-A51F-13BC93B92BB1}.Debug|Any CPU.ActiveCfg = Debug|Any CPU
		{0B96E19E-7CE4-4D43-A51F-13BC93B92BB1}.Debug|Any CPU.Build.0 = Debug|Any CPU
		{0B96E19E-7CE4-4D43-A51F-13BC93B92BB1}.Release|Any CPU.ActiveCfg = Release|Any CPU
		{0B96E19E-7CE4-4D43-A51F-13BC93B92BB1}.Release|Any CPU.Build.0 = Release|Any CPU
	EndGlobalSection
	GlobalSection(SolutionProperties) = preSolution
		HideSolutionNode = FALSE
	EndGlobalSection
	GlobalSection(ExtensibilityGlobals) = postSolution
		SolutionGuid = {4AB06489-EB9D-4555-BEF8-729F8C30C194}
	EndGlobalSection
EndGlobal
