
Microsoft Visual Studio Solution File, Format Version 12.00
# Visual Studio Version 16
VisualStudioVersion = 16.0.30523.141
MinimumVisualStudioVersion = 10.0.40219.1
Project("{FAE04EC0-301F-11D3-BF4B-00C04F79EFBC}") = "Mehmet_Hasbi_Kaynak_48723_projekt3", "Mehmet_Hasbi_Kaynak_48723_projekt3.csproj", "{6B9C7618-B0F6-4641-A936-E1319FA4DFDA}"
EndProject
Global
	GlobalSection(SolutionConfigurationPlatforms) = preSolution
		Debug|Any CPU = Debug|Any CPU
		Release|Any CPU = Release|Any CPU
	EndGlobalSection
	GlobalSection(ProjectConfigurationPlatforms) = postSolution
		{6B9C7618-B0F6-4641-A936-E1319FA4DFDA}.Debug|Any CPU.ActiveCfg = Debug|Any CPU
		{6B9C7618-B0F6-4641-A936-E1319FA4DFDA}.Debug|Any CPU.Build.0 = Debug|Any CPU
		{6B9C7618-B0F6-4641-A936-E1319FA4DFDA}.Release|Any CPU.ActiveCfg = Release|Any CPU
		{6B9C7618-B0F6-4641-A936-E1319FA4DFDA}.Release|Any CPU.Build.0 = Release|Any CPU
	EndGlobalSection
	GlobalSection(SolutionProperties) = preSolution
		HideSolutionNode = FALSE
	EndGlobalSection
	GlobalSection(ExtensibilityGlobals) = postSolution
		SolutionGuid = {F64EC0FB-9359-4847-A18E-3476D5897F28}
	EndGlobalSection
EndGlobal
