
Microsoft Visual Studio Solution File, Format Version 12.00
# Visual Studio Version 16
VisualStudioVersion = 16.0.30523.141
MinimumVisualStudioVersion = 10.0.40219.1
Project("{FAE04EC0-301F-11D3-BF4B-00C04F79EFBC}") = "circle deneme 2", "circle deneme 2.csproj", "{BC381772-A52C-4A64-AAC9-74E6A2C12CF9}"
EndProject
Global
	GlobalSection(SolutionConfigurationPlatforms) = preSolution
		Debug|Any CPU = Debug|Any CPU
		Release|Any CPU = Release|Any CPU
	EndGlobalSection
	GlobalSection(ProjectConfigurationPlatforms) = postSolution
		{BC381772-A52C-4A64-AAC9-74E6A2C12CF9}.Debug|Any CPU.ActiveCfg = Debug|Any CPU
		{BC381772-A52C-4A64-AAC9-74E6A2C12CF9}.Debug|Any CPU.Build.0 = Debug|Any CPU
		{BC381772-A52C-4A64-AAC9-74E6A2C12CF9}.Release|Any CPU.ActiveCfg = Release|Any CPU
		{BC381772-A52C-4A64-AAC9-74E6A2C12CF9}.Release|Any CPU.Build.0 = Release|Any CPU
	EndGlobalSection
	GlobalSection(SolutionProperties) = preSolution
		HideSolutionNode = FALSE
	EndGlobalSection
	GlobalSection(ExtensibilityGlobals) = postSolution
		SolutionGuid = {19C3F791-5C55-4978-8ECF-EA0CBC1D944A}
	EndGlobalSection
EndGlobal
