
Microsoft Visual Studio Solution File, Format Version 12.00
# Visual Studio Version 16
VisualStudioVersion = 16.0.30523.141
MinimumVisualStudioVersion = 10.0.40219.1
Project("{FAE04EC0-301F-11D3-BF4B-00C04F79EFBC}") = "circle", "..\circle\circle.csproj", "{423A88F8-9AB8-48CB-A01D-B092E9833AB8}"
EndProject
Project("{FAE04EC0-301F-11D3-BF4B-00C04F79EFBC}") = "Circle2", "..\Circle2\Circle2.csproj", "{82BC92E5-44E2-410B-A8A8-DF24EF3D2853}"
EndProject
Global
	GlobalSection(SolutionConfigurationPlatforms) = preSolution
		Debug|Any CPU = Debug|Any CPU
		Release|Any CPU = Release|Any CPU
	EndGlobalSection
	GlobalSection(ProjectConfigurationPlatforms) = postSolution
		{423A88F8-9AB8-48CB-A01D-B092E9833AB8}.Debug|Any CPU.ActiveCfg = Debug|Any CPU
		{423A88F8-9AB8-48CB-A01D-B092E9833AB8}.Debug|Any CPU.Build.0 = Debug|Any CPU
		{423A88F8-9AB8-48CB-A01D-B092E9833AB8}.Release|Any CPU.ActiveCfg = Release|Any CPU
		{423A88F8-9AB8-48CB-A01D-B092E9833AB8}.Release|Any CPU.Build.0 = Release|Any CPU
		{82BC92E5-44E2-410B-A8A8-DF24EF3D2853}.Debug|Any CPU.ActiveCfg = Debug|Any CPU
		{82BC92E5-44E2-410B-A8A8-DF24EF3D2853}.Debug|Any CPU.Build.0 = Debug|Any CPU
		{82BC92E5-44E2-410B-A8A8-DF24EF3D2853}.Release|Any CPU.ActiveCfg = Release|Any CPU
		{82BC92E5-44E2-410B-A8A8-DF24EF3D2853}.Release|Any CPU.Build.0 = Release|Any CPU
	EndGlobalSection
	GlobalSection(SolutionProperties) = preSolution
		HideSolutionNode = FALSE
	EndGlobalSection
	GlobalSection(ExtensibilityGlobals) = postSolution
		SolutionGuid = {5CE842B3-4C2A-470A-8AC4-58AD6016D0B4}
	EndGlobalSection
EndGlobal
