
Microsoft Visual Studio Solution File, Format Version 12.00
# Visual Studio Version 16
VisualStudioVersion = 16.0.30523.141
MinimumVisualStudioVersion = 10.0.40219.1
Project("{FAE04EC0-301F-11D3-BF4B-00C04F79EFBC}") = "magic square", "magic square.csproj", "{FD178B86-13DB-41A1-8F83-5CC0CBAD35F6}"
EndProject
Global
	GlobalSection(SolutionConfigurationPlatforms) = preSolution
		Debug|Any CPU = Debug|Any CPU
		Release|Any CPU = Release|Any CPU
	EndGlobalSection
	GlobalSection(ProjectConfigurationPlatforms) = postSolution
		{FD178B86-13DB-41A1-8F83-5CC0CBAD35F6}.Debug|Any CPU.ActiveCfg = Debug|Any CPU
		{FD178B86-13DB-41A1-8F83-5CC0CBAD35F6}.Debug|Any CPU.Build.0 = Debug|Any CPU
		{FD178B86-13DB-41A1-8F83-5CC0CBAD35F6}.Release|Any CPU.ActiveCfg = Release|Any CPU
		{FD178B86-13DB-41A1-8F83-5CC0CBAD35F6}.Release|Any CPU.Build.0 = Release|Any CPU
	EndGlobalSection
	GlobalSection(SolutionProperties) = preSolution
		HideSolutionNode = FALSE
	EndGlobalSection
	GlobalSection(ExtensibilityGlobals) = postSolution
		SolutionGuid = {B432984B-139F-45AE-AB32-53A058F481F7}
	EndGlobalSection
EndGlobal
