
Microsoft Visual Studio Solution File, Format Version 12.00
# Visual Studio Version 16
VisualStudioVersion = 16.0.30523.141
MinimumVisualStudioVersion = 10.0.40219.1
Project("{FAE04EC0-301F-11D3-BF4B-00C04F79EFBC}") = "internet1", "internet1\internet1.csproj", "{09273C57-5568-4AB7-83B8-F84DA31912D9}"
EndProject
Global
	GlobalSection(SolutionConfigurationPlatforms) = preSolution
		Debug|Any CPU = Debug|Any CPU
		Release|Any CPU = Release|Any CPU
	EndGlobalSection
	GlobalSection(ProjectConfigurationPlatforms) = postSolution
		{09273C57-5568-4AB7-83B8-F84DA31912D9}.Debug|Any CPU.ActiveCfg = Debug|Any CPU
		{09273C57-5568-4AB7-83B8-F84DA31912D9}.Debug|Any CPU.Build.0 = Debug|Any CPU
		{09273C57-5568-4AB7-83B8-F84DA31912D9}.Release|Any CPU.ActiveCfg = Release|Any CPU
		{09273C57-5568-4AB7-83B8-F84DA31912D9}.Release|Any CPU.Build.0 = Release|Any CPU
	EndGlobalSection
	GlobalSection(SolutionProperties) = preSolution
		HideSolutionNode = FALSE
	EndGlobalSection
	GlobalSection(ExtensibilityGlobals) = postSolution
		SolutionGuid = {5924C618-E541-4FF3-9DC1-2FA22CB63224}
	EndGlobalSection
EndGlobal
