
Microsoft Visual Studio Solution File, Format Version 12.00
# Visual Studio Version 16
VisualStudioVersion = 16.0.30907.101
MinimumVisualStudioVersion = 10.0.40219.1
Project("{FAE04EC0-301F-11D3-BF4B-00C04F79EFBC}") = "MD5Encryption", "MD5Encryption\MD5Encryption.csproj", "{32738281-D90A-43B6-A8D8-F706F5C1DA94}"
EndProject
Global
	GlobalSection(SolutionConfigurationPlatforms) = preSolution
		Debug|Any CPU = Debug|Any CPU
		Release|Any CPU = Release|Any CPU
	EndGlobalSection
	GlobalSection(ProjectConfigurationPlatforms) = postSolution
		{32738281-D90A-43B6-A8D8-F706F5C1DA94}.Debug|Any CPU.ActiveCfg = Debug|Any CPU
		{32738281-D90A-43B6-A8D8-F706F5C1DA94}.Debug|Any CPU.Build.0 = Debug|Any CPU
		{32738281-D90A-43B6-A8D8-F706F5C1DA94}.Release|Any CPU.ActiveCfg = Release|Any CPU
		{32738281-D90A-43B6-A8D8-F706F5C1DA94}.Release|Any CPU.Build.0 = Release|Any CPU
	EndGlobalSection
	GlobalSection(SolutionProperties) = preSolution
		HideSolutionNode = FALSE
	EndGlobalSection
	GlobalSection(ExtensibilityGlobals) = postSolution
		SolutionGuid = {B91FFF51-2B87-4F28-B0F2-1644F71CB783}
	EndGlobalSection
EndGlobal
