
Microsoft Visual Studio Solution File, Format Version 12.00
# Visual Studio Version 16
VisualStudioVersion = 16.0.30907.101
MinimumVisualStudioVersion = 10.0.40219.1
Project("{FAE04EC0-301F-11D3-BF4B-00C04F79EFBC}") = "UdemyLib", "UdemyLib\UdemyLib.csproj", "{E141F22D-5557-4ACA-8A07-D0B56A58AD61}"
EndProject
Global
	GlobalSection(SolutionConfigurationPlatforms) = preSolution
		Debug|Any CPU = Debug|Any CPU
		Release|Any CPU = Release|Any CPU
	EndGlobalSection
	GlobalSection(ProjectConfigurationPlatforms) = postSolution
		{E141F22D-5557-4ACA-8A07-D0B56A58AD61}.Debug|Any CPU.ActiveCfg = Debug|Any CPU
		{E141F22D-5557-4ACA-8A07-D0B56A58AD61}.Debug|Any CPU.Build.0 = Debug|Any CPU
		{E141F22D-5557-4ACA-8A07-D0B56A58AD61}.Release|Any CPU.ActiveCfg = Release|Any CPU
		{E141F22D-5557-4ACA-8A07-D0B56A58AD61}.Release|Any CPU.Build.0 = Release|Any CPU
	EndGlobalSection
	GlobalSection(SolutionProperties) = preSolution
		HideSolutionNode = FALSE
	EndGlobalSection
	GlobalSection(ExtensibilityGlobals) = postSolution
		SolutionGuid = {04FC0135-4E16-47F1-AC0B-3320BFC7CB84}
	EndGlobalSection
EndGlobal
